
Microsoft Visual Studio Solution File, Format Version 12.00
# Visual Studio Version 16
VisualStudioVersion = 16.0.30330.147
MinimumVisualStudioVersion = 10.0.40219.1
Project("{FAE04EC0-301F-11D3-BF4B-00C04F79EFBC}") = "NetworkLib", "NetworkLib\NetworkLib.csproj", "{04B1D521-6C72-4466-88C7-BD7253C7179E}"
EndProject
Project("{FAE04EC0-301F-11D3-BF4B-00C04F79EFBC}") = "UTest", "UTest\UTest.csproj", "{EF2E7D06-C102-4116-9E2F-56BCA27C3452}"
EndProject
Global
	GlobalSection(SolutionConfigurationPlatforms) = preSolution
		Debug|Any CPU = Debug|Any CPU
		Release|Any CPU = Release|Any CPU
	EndGlobalSection
	GlobalSection(ProjectConfigurationPlatforms) = postSolution
		{04B1D521-6C72-4466-88C7-BD7253C7179E}.Debug|Any CPU.ActiveCfg = Debug|Any CPU
		{04B1D521-6C72-4466-88C7-BD7253C7179E}.Debug|Any CPU.Build.0 = Debug|Any CPU
		{04B1D521-6C72-4466-88C7-BD7253C7179E}.Release|Any CPU.ActiveCfg = Release|Any CPU
		{04B1D521-6C72-4466-88C7-BD7253C7179E}.Release|Any CPU.Build.0 = Release|Any CPU
		{EF2E7D06-C102-4116-9E2F-56BCA27C3452}.Debug|Any CPU.ActiveCfg = Debug|Any CPU
		{EF2E7D06-C102-4116-9E2F-56BCA27C3452}.Debug|Any CPU.Build.0 = Debug|Any CPU
		{EF2E7D06-C102-4116-9E2F-56BCA27C3452}.Release|Any CPU.ActiveCfg = Release|Any CPU
		{EF2E7D06-C102-4116-9E2F-56BCA27C3452}.Release|Any CPU.Build.0 = Release|Any CPU
	EndGlobalSection
	GlobalSection(SolutionProperties) = preSolution
		HideSolutionNode = FALSE
	EndGlobalSection
	GlobalSection(ExtensibilityGlobals) = postSolution
		SolutionGuid = {BB8351D7-6983-488D-B2B6-67CC13278D1C}
	EndGlobalSection
EndGlobal
